
Microsoft Visual Studio Solution File, Format Version 12.00
# Visual Studio Version 17
VisualStudioVersion = 17.7.34221.43
MinimumVisualStudioVersion = 10.0.40219.1
Project("{FAE04EC0-301F-11D3-BF4B-00C04F79EFBC}") = "Olympiad", "Olympiad\Olympiad.csproj", "{B92E1595-1C01-4770-B20B-61E5BC5598BF}"
EndProject
Global
	GlobalSection(SolutionConfigurationPlatforms) = preSolution
		Debug|Any CPU = Debug|Any CPU
		Release|Any CPU = Release|Any CPU
	EndGlobalSection
	GlobalSection(ProjectConfigurationPlatforms) = postSolution
		{B92E1595-1C01-4770-B20B-61E5BC5598BF}.Debug|Any CPU.ActiveCfg = Debug|Any CPU
		{B92E1595-1C01-4770-B20B-61E5BC5598BF}.Debug|Any CPU.Build.0 = Debug|Any CPU
		{B92E1595-1C01-4770-B20B-61E5BC5598BF}.Release|Any CPU.ActiveCfg = Release|Any CPU
		{B92E1595-1C01-4770-B20B-61E5BC5598BF}.Release|Any CPU.Build.0 = Release|Any CPU
	EndGlobalSection
	GlobalSection(SolutionProperties) = preSolution
		HideSolutionNode = FALSE
	EndGlobalSection
	GlobalSection(ExtensibilityGlobals) = postSolution
		SolutionGuid = {1F5040A3-FC40-410D-9491-AF0A143BD4C6}
	EndGlobalSection
EndGlobal
